{
  "name": "tello-node",
  "version": "1.0.0",
  "lockfileVersion": 1,
  "requires": true,
  "dependencies": {
    "dgram": {
      "version": "1.0.1",
      "resolved": "https://registry.npmjs.org/dgram/-/dgram-1.0.1.tgz",
      "integrity": "sha1-N/OyAPgDOl/3WTAwicgc42G2UcM="
    },
    "waait": {
      "version": "1.0.4",
      "resolved": "https://registry.npmjs.org/waait/-/waait-1.0.4.tgz",
      "integrity": "sha512-fMUqZH5xkzDgzw3b0CzOq7IBjIx9ig09gnpnRpRgonbPOZJWGURXWWHWt3xJa8cpxjh1WGFzRAD96V8i2C8Wmg=="
    }
  }
}
